("quicklisp" .
 (:class qlot/source/dist:source-dist
  :initargs (:distribution "https://beta.quicklisp.org/dist/quicklisp.txt" :%version :latest)
  :version "2026-01-01"))
("bordeaux-threads" .
 (:class qlot/source/ql:source-ql
  :initargs (:%version "2026-01-01")
  :version "ql-2024-10-12"))
("cl-base64" .
 (:class qlot/source/ql:source-ql
  :initargs (:%version "2026-01-01")
  :version "ql-2020-10-16"))
("cffi" .
 (:class qlot/source/ql:source-ql
  :initargs (:%version "2026-01-01")
  :version "ql-2026-01-01"))
("closer-mop" .
 (:class qlot/source/ql:source-ql
  :initargs (:%version "2026-01-01")
  :version "ql-2026-01-01"))
("dexador" .
 (:class qlot/source/ql:source-ql
  :initargs (:%version "2026-01-01")
  :version "ql-2026-01-01"))
("ironclad" .
 (:class qlot/source/ql:source-ql
  :initargs (:%version "2026-01-01")
  :version "ql-2024-10-12"))
("opticl" .
 (:class qlot/source/ql:source-ql
  :initargs (:%version "2022-02-20")
  :version "ql-2022-02-20"))
("quri" .
 (:class qlot/source/ql:source-ql
  :initargs (:%version "2026-01-01")
  :version "ql-2026-01-01"))
("serapeum" .
 (:class qlot/source/ql:source-ql
  :initargs (:%version "2026-01-01")
  :version "ql-2026-01-01"))
("yason" .
 (:class qlot/source/ql:source-ql
  :initargs (:%version "2026-01-01")
  :version "ql-2025-06-22"))
("cl-colorist" .
 (:class qlot/source/git:source-git
  :initargs (:remote-url "https://github.com/luciusmagn/cl-colorist.git" :ref "a4b65e63f40248c091d8ccf6023ad6fef5de7f0d")
  :version "git-a4b65e63f40248c091d8ccf6023ad6fef5de7f0d"))
("clinedi" .
 (:class qlot/source/git:source-git
  :initargs (:remote-url "https://github.com/luciusmagn/clinedi.git" :ref "e110014f077acb452086f290c2ff1e830fab3d3f")
  :version "git-e110014f077acb452086f290c2ff1e830fab3d3f"))
("cl-exec-sandbox" .
 (:class qlot/source/git:source-git
  :initargs (:remote-url "https://github.com/luciusmagn/cl-exec-sandbox.git" :ref "a9a97263a557a2c125194524677267a6a20767c7")
  :version "git-a9a97263a557a2c125194524677267a6a20767c7"))
("clifff" .
 (:class qlot/source/git:source-git
  :initargs (:remote-url "https://github.com/luciusmagn/clifff.git" :ref "8bf3ebb0985108593cad105d31639cedbe9e5373")
  :version "git-8bf3ebb0985108593cad105d31639cedbe9e5373"))
("colorlisp" .
 (:class qlot/source/git:source-git
  :initargs (:remote-url "https://github.com/luciusmagn/colorlisp.git" :ref "05a3313d52e2a2c643219a750dd5045df56c1cd7")
  :version "git-05a3313d52e2a2c643219a750dd5045df56c1cd7"))
("mcparen" .
 (:class qlot/source/git:source-git
  :initargs (:remote-url "https://github.com/luciusmagn/mcparen.git" :ref "58ba29a8dd8d06417452b7978748c3d453bc3287")
  :version "git-58ba29a8dd8d06417452b7978748c3d453bc3287"))
("sexp-store" .
 (:class qlot/source/git:source-git
  :initargs (:remote-url "https://github.com/luciusmagn/sexp-store.git" :ref "0a586df98c295ca6d2fcd47e33bc5f478075f470")
  :version "git-0a586df98c295ca6d2fcd47e33bc5f478075f470"))
("sbcl-workers" .
 (:class qlot/source/git:source-git
  :initargs (:remote-url "https://github.com/luciusmagn/sbcl-workers.git" :ref "e43fc87daaca01183606c2e0b4150605d01677e7")
  :version "git-e43fc87daaca01183606c2e0b4150605d01677e7"))
