("quicklisp" .
 (:class qlot/source/dist:source-dist
  :initargs (:distribution "https://beta.quicklisp.org/dist/quicklisp.txt" :%version :latest)
  :version "2026-01-01"))
("bordeaux-threads" .
 (:class qlot/source/ql:source-ql
  :initargs (:%version "2026-01-01")
  :version "ql-2024-10-12"))
("cl-base64" .
 (:class qlot/source/ql:source-ql
  :initargs (:%version "2026-01-01")
  :version "ql-2020-10-16"))
("cffi" .
 (:class qlot/source/ql:source-ql
  :initargs (:%version "2026-01-01")
  :version "ql-2026-01-01"))
("closer-mop" .
 (:class qlot/source/ql:source-ql
  :initargs (:%version "2026-01-01")
  :version "ql-2026-01-01"))
("dexador" .
 (:class qlot/source/ql:source-ql
  :initargs (:%version "2026-01-01")
  :version "ql-2026-01-01"))
("ironclad" .
 (:class qlot/source/ql:source-ql
  :initargs (:%version "2026-01-01")
  :version "ql-2024-10-12"))
("opticl" .
 (:class qlot/source/ql:source-ql
  :initargs (:%version "2022-02-20")
  :version "ql-2022-02-20"))
("quri" .
 (:class qlot/source/ql:source-ql
  :initargs (:%version "2026-01-01")
  :version "ql-2026-01-01"))
("serapeum" .
 (:class qlot/source/ql:source-ql
  :initargs (:%version "2026-01-01")
  :version "ql-2026-01-01"))
("yason" .
 (:class qlot/source/ql:source-ql
  :initargs (:%version "2026-01-01")
  :version "ql-2025-06-22"))
("cl-colorist" .
 (:class qlot/source/git:source-git
  :initargs (:remote-url "https://github.com/luciusmagn/cl-colorist.git" :ref "a4b65e63f40248c091d8ccf6023ad6fef5de7f0d")
  :version "git-a4b65e63f40248c091d8ccf6023ad6fef5de7f0d"))
("clinedi" .
 (:class qlot/source/git:source-git
  :initargs (:remote-url "https://github.com/luciusmagn/clinedi.git" :ref "95d81947e6d080826104086fda8c48a4db336db0")
  :version "git-95d81947e6d080826104086fda8c48a4db336db0"))
("cl-jobpond" .
 (:class qlot/source/git:source-git
  :initargs (:remote-url "https://github.com/luciusmagn/cl-jobpond.git" :ref "4f7679be1b760450b8d497b0ec3119ee0f716995")
  :version "git-4f7679be1b760450b8d497b0ec3119ee0f716995"))
("cl-exec-sandbox" .
 (:class qlot/source/git:source-git
  :initargs (:remote-url "https://github.com/luciusmagn/cl-exec-sandbox.git" :ref "cb7951ea203329d7d1d226bfc1e8224bd5c7d9bd")
  :version "git-cb7951ea203329d7d1d226bfc1e8224bd5c7d9bd"))
("clifff" .
 (:class qlot/source/git:source-git
  :initargs (:remote-url "https://github.com/luciusmagn/clifff.git" :ref "8bf3ebb0985108593cad105d31639cedbe9e5373")
  :version "git-8bf3ebb0985108593cad105d31639cedbe9e5373"))
("colorlisp" .
 (:class qlot/source/git:source-git
  :initargs (:remote-url "https://github.com/luciusmagn/colorlisp.git" :ref "05a3313d52e2a2c643219a750dd5045df56c1cd7")
  :version "git-05a3313d52e2a2c643219a750dd5045df56c1cd7"))
("idsmall" .
 (:class qlot/source/git:source-git
  :initargs (:remote-url "https://github.com/luciusmagn/idsmall.git" :ref "3f4b8e067a1e41b5388f7c5af58585e8c9ab51b9")
  :version "git-3f4b8e067a1e41b5388f7c5af58585e8c9ab51b9"))
("mcparen" .
 (:class qlot/source/git:source-git
  :initargs (:remote-url "https://github.com/luciusmagn/mcparen.git" :ref "58ba29a8dd8d06417452b7978748c3d453bc3287")
  :version "git-58ba29a8dd8d06417452b7978748c3d453bc3287"))
("sbcl-generations" .
 (:class qlot/source/git:source-git
  :initargs (:remote-url "https://github.com/luciusmagn/sbcl-generations.git" :ref "95ea9d28244fce21a2d7e34580f86d5e2c21a1bf")
  :version "git-95ea9d28244fce21a2d7e34580f86d5e2c21a1bf"))
("sexp-config" .
 (:class qlot/source/git:source-git
  :initargs (:remote-url "https://github.com/luciusmagn/sexp-config.git" :ref "f3697d1e97b6b6e7ad1430d236e3706b377277cc")
  :version "git-f3697d1e97b6b6e7ad1430d236e3706b377277cc"))
("sexp-store" .
 (:class qlot/source/git:source-git
  :initargs (:remote-url "https://github.com/luciusmagn/sexp-store.git" :ref "0a586df98c295ca6d2fcd47e33bc5f478075f470")
  :version "git-0a586df98c295ca6d2fcd47e33bc5f478075f470"))
("sbcl-workers" .
 (:class qlot/source/git:source-git
  :initargs (:remote-url "https://github.com/luciusmagn/sbcl-workers.git" :ref "e43fc87daaca01183606c2e0b4150605d01677e7")
  :version "git-e43fc87daaca01183606c2e0b4150605d01677e7"))
